// !$*UTF8*$!
{
	archiveVersion = 1;
	classes = {
	};
	objectVersion = 46;
	objects = {

/* Begin PBXBuildFile section */
		16723FCD1EAAAB8C00B6931D /* AppDelegate.swift in Sources */ = {isa = PBXBuildFile; fileRef = 16723FCC1EAAAB8C00B6931D /* AppDelegate.swift */; };
		16723FCF1EAAAB8C00B6931D /* ViewController.swift in Sources */ = {isa = PBXBuildFile; fileRef = 16723FCE1EAAAB8C00B6931D /* ViewController.swift */; };
		16723FD21EAAAB8C00B6931D /* Main.storyboard in Resources */ = {isa = PBXBuildFile; fileRef = 16723FD01EAAAB8C00B6931D /* Main.storyboard */; };
		16723FD41EAAAB8C00B6931D /* Assets.xcassets in Resources */ = {isa = PBXBuildFile; fileRef = 16723FD31EAAAB8C00B6931D /* Assets.xcassets */; };
		16723FD71EAAAB8C00B6931D /* LaunchScreen.storyboard in Resources */ = {isa = PBXBuildFile; fileRef = 16723FD51EAAAB8C00B6931D /* LaunchScreen.storyboard */; };
		16723FE21EAAAB8C00B6931D /* Kibbl_IOSTests.swift in Sources */ = {isa = PBXBuildFile; fileRef = 16723FE11EAAAB8C00B6931D /* Kibbl_IOSTests.swift */; };
/* End PBXBuildFile section */

/* Begin PBXContainerItemProxy section */
		16723FDE1EAAAB8C00B6931D /* PBXContainerItemProxy */ = {
			isa = PBXContainerItemProxy;
			containerPortal = 16723FC11EAAAB8C00B6931D /* Project object */;
			proxyType = 1;
			remoteGlobalIDString = 16723FC81EAAAB8C00B6931D;
			remoteInfo = "Kibbl-IOS";
		};
/* End PBXContainerItemProxy section */

/* Begin PBXFileReference section */
		16723FC91EAAAB8C00B6931D /* Kibbl-IOS.app */ = {isa = PBXFileReference; explicitFileType = wrapper.application; includeInIndex = 0; path = "Kibbl-IOS.app"; sourceTree = BUILT_PRODUCTS_DIR; };
		16723FCC1EAAAB8C00B6931D /* AppDelegate.swift */ = {isa = PBXFileReference; lastKnownFileType = sourcecode.swift; path = AppDelegate.swift; sourceTree = "<group>"; };
		16723FCE1EAAAB8C00B6931D /* ViewController.swift */ = {isa = PBXFileReference; lastKnownFileType = sourcecode.swift; path = ViewController.swift; sourceTree = "<group>"; };
		16723FD11EAAAB8C00B6931D /* Base */ = {isa = PBXFileReference; lastKnownFileType = file.storyboard; name = Base; path = Base.lproj/Main.storyboard; sourceTree = "<group>"; };
		16723FD31EAAAB8C00B6931D /* Assets.xcassets */ = {isa = PBXFileReference; lastKnownFileType = folder.assetcatalog; path = Assets.xcassets; sourceTree = "<group>"; };
		16723FD61EAAAB8C00B6931D /* Base */ = {isa = PBXFileReference; lastKnownFileType = file.storyboard; name = Base; path = Base.lproj/LaunchScreen.storyboard; sourceTree = "<group>"; };
		16723FD81EAAAB8C00B6931D /* Info.plist */ = {isa = PBXFileReference; lastKnownFileType = text.plist.xml; path = Info.plist; sourceTree = "<group>"; };
		16723FDD1EAAAB8C00B6931D /* Kibbl-IOSTests.xctest */ = {isa = PBXFileReference; explicitFileType = wrapper.cfbundle; includeInIndex = 0; path = "Kibbl-IOSTests.xctest"; sourceTree = BUILT_PRODUCTS_DIR; };
		16723FE11EAAAB8C00B6931D /* Kibbl_IOSTests.swift */ = {isa = PBXFileReference; lastKnownFileType = sourcecode.swift; path = Kibbl_IOSTests.swift; sourceTree = "<group>"; };
		16723FE31EAAAB8C00B6931D /* Info.plist */ = {isa = PBXFileReference; lastKnownFileType = text.plist.xml; path = Info.plist; sourceTree = "<group>"; };
/* End PBXFileReference section */

/* Begin PBXFrameworksBuildPhase section */
		16723FC61EAAAB8C00B6931D /* Frameworks */ = {
			isa = PBXFrameworksBuildPhase;
			buildActionMask = 2147483647;
			files = (
			);
			runOnlyForDeploymentPostprocessing = 0;
		};
		16723FDA1EAAAB8C00B6931D /* Frameworks */ = {
			isa = PBXFrameworksBuildPhase;
			buildActionMask = 2147483647;
			files = (
			);
			runOnlyForDeploymentPostprocessing = 0;
		};
/* End PBXFrameworksBuildPhase section */

/* Begin PBXGroup section */
		16723FC01EAAAB8C00B6931D = {
			isa = PBXGroup;
			children = (
				16723FCB1EAAAB8C00B6931D /* Kibbl-IOS */,
				16723FE01EAAAB8C00B6931D /* Kibbl-IOSTests */,
				16723FCA1EAAAB8C00B6931D /* Products */,
			);
			sourceTree = "<group>";
		};
		16723FCA1EAAAB8C00B6931D /* Products */ = {
			isa = PBXGroup;
			children = (
				16723FC91EAAAB8C00B6931D /* Kibbl-IOS.app */,
				16723FDD1EAAAB8C00B6931D /* Kibbl-IOSTests.xctest */,
			);
			name = Products;
			sourceTree = "<group>";
		};
		16723FCB1EAAAB8C00B6931D /* Kibbl-IOS */ = {
			isa = PBXGroup;
			children = (
				16723FCC1EAAAB8C00B6931D /* AppDelegate.swift */,
				16723FCE1EAAAB8C00B6931D /* ViewController.swift */,
				16723FD01EAAAB8C00B6931D /* Main.storyboard */,
				16723FD31EAAAB8C00B6931D /* Assets.xcassets */,
				16723FD51EAAAB8C00B6931D /* LaunchScreen.storyboard */,
				16723FD81EAAAB8C00B6931D /* Info.plist */,
			);
			path = "Kibbl-IOS";
			sourceTree = "<group>";
		};
		16723FE01EAAAB8C00B6931D /* Kibbl-IOSTests */ = {
			isa = PBXGroup;
			children = (
				16723FE11EAAAB8C00B6931D /* Kibbl_IOSTests.swift */,
				16723FE31EAAAB8C00B6931D /* Info.plist */,
			);
			path = "Kibbl-IOSTests";
			sourceTree = "<group>";
		};
/* End PBXGroup section */

/* Begin PBXNativeTarget section */
		16723FC81EAAAB8C00B6931D /* Kibbl-IOS */ = {
			isa = PBXNativeTarget;
			buildConfigurationList = 16723FE61EAAAB8C00B6931D /* Build configuration list for PBXNativeTarget "Kibbl-IOS" */;
			buildPhases = (
				16723FC51EAAAB8C00B6931D /* Sources */,
				16723FC61EAAAB8C00B6931D /* Frameworks */,
				16723FC71EAAAB8C00B6931D /* Resources */,
			);
			buildRules = (
			);
			dependencies = (
			);
			name = "Kibbl-IOS";
			productName = "Kibbl-IOS";
			productReference = 16723FC91EAAAB8C00B6931D /* Kibbl-IOS.app */;
			productType = "com.apple.product-type.application";
		};
		16723FDC1EAAAB8C00B6931D /* Kibbl-IOSTests */ = {
			isa = PBXNativeTarget;
			buildConfigurationList = 16723FE91EAAAB8C00B6931D /* Build configuration list for PBXNativeTarget "Kibbl-IOSTests" */;
			buildPhases = (
				16723FD91EAAAB8C00B6931D /* Sources */,
				16723FDA1EAAAB8C00B6931D /* Frameworks */,
				16723FDB1EAAAB8C00B6931D /* Resources */,
			);
			buildRules = (
			);
			dependencies = (
				16723FDF1EAAAB8C00B6931D /* PBXTargetDependency */,
			);
			name = "Kibbl-IOSTests";
			productName = "Kibbl-IOSTests";
			productReference = 16723FDD1EAAAB8C00B6931D /* Kibbl-IOSTests.xctest */;
			productType = "com.apple.product-type.bundle.unit-test";
		};
/* End PBXNativeTarget section */

/* Begin PBXProject section */
		16723FC11EAAAB8C00B6931D /* Project object */ = {
			isa = PBXProject;
			attributes = {
				LastSwiftUpdateCheck = 0820;
				LastUpgradeCheck = 0820;
				ORGANIZATIONNAME = "Koala Tea";
				TargetAttributes = {
					16723FC81EAAAB8C00B6931D = {
						CreatedOnToolsVersion = 8.2;
						DevelopmentTeam = 6MS9QWALYV;
						ProvisioningStyle = Automatic;
					};
					16723FDC1EAAAB8C00B6931D = {
						CreatedOnToolsVersion = 8.2;
						DevelopmentTeam = 6MS9QWALYV;
						ProvisioningStyle = Automatic;
						TestTargetID = 16723FC81EAAAB8C00B6931D;
					};
				};
			};
			buildConfigurationList = 16723FC41EAAAB8C00B6931D /* Build configuration list for PBXProject "Kibbl-IOS" */;
			compatibilityVersion = "Xcode 3.2";
			developmentRegion = English;
			hasScannedForEncodings = 0;
			knownRegions = (
				en,
				Base,
			);
			mainGroup = 16723FC01EAAAB8C00B6931D;
			productRefGroup = 16723FCA1EAAAB8C00B6931D /* Products */;
			projectDirPath = "";
			projectRoot = "";
			targets = (
				16723FC81EAAAB8C00B6931D /* Kibbl-IOS */,
				16723FDC1EAAAB8C00B6931D /* Kibbl-IOSTests */,
			);
		};
/* End PBXProject section */

/* Begin PBXResourcesBuildPhase section */
		16723FC71EAAAB8C00B6931D /* Resources */ = {
			isa = PBXResourcesBuildPhase;
			buildActionMask = 2147483647;
			files = (
				16723FD71EAAAB8C00B6931D /* LaunchScreen.storyboard in Resources */,
				16723FD41EAAAB8C00B6931D /* Assets.xcassets in Resources */,
				16723FD21EAAAB8C00B6931D /* Main.storyboard in Resources */,
			);
			runOnlyForDeploymentPostprocessing = 0;
		};
		16723FDB1EAAAB8C00B6931D /* Resources */ = {
			isa = PBXResourcesBuildPhase;
			buildActionMask = 2147483647;
			files = (
			);
			runOnlyForDeploymentPostprocessing = 0;
		};
/* End PBXResourcesBuildPhase section */

/* Begin PBXSourcesBuildPhase section */
		16723FC51EAAAB8C00B6931D /* Sources */ = {
			isa = PBXSourcesBuildPhase;
			buildActionMask = 2147483647;
			files = (
				16723FCF1EAAAB8C00B6931D /* ViewController.swift in Sources */,
				16723FCD1EAAAB8C00B6931D /* AppDelegate.swift in Sources */,
			);
			runOnlyForDeploymentPostprocessing = 0;
		};
		16723FD91EAAAB8C00B6931D /* Sources */ = {
			isa = PBXSourcesBuildPhase;
			buildActionMask = 2147483647;
			files = (
				16723FE21EAAAB8C00B6931D /* Kibbl_IOSTests.swift in Sources */,
			);
			runOnlyForDeploymentPostprocessing = 0;
		};
/* End PBXSourcesBuildPhase section */

/* Begin PBXTargetDependency section */
		16723FDF1EAAAB8C00B6931D /* PBXTargetDependency */ = {
			isa = PBXTargetDependency;
			target = 16723FC81EAAAB8C00B6931D /* Kibbl-IOS */;
			targetProxy = 16723FDE1EAAAB8C00B6931D /* PBXContainerItemProxy */;
		};
/* End PBXTargetDependency section */

/* Begin PBXVariantGroup section */
		16723FD01EAAAB8C00B6931D /* Main.storyboard */ = {
			isa = PBXVariantGroup;
			children = (
				16723FD11EAAAB8C00B6931D /* Base */,
			);
			name = Main.storyboard;
			sourceTree = "<group>";
		};
		16723FD51EAAAB8C00B6931D /* LaunchScreen.storyboard */ = {
			isa = PBXVariantGroup;
			children = (
				16723FD61EAAAB8C00B6931D /* Base */,
			);
			name = LaunchScreen.storyboard;
			sourceTree = "<group>";
		};
/* End PBXVariantGroup section */

/* Begin XCBuildConfiguration section */
		16723FE41EAAAB8C00B6931D /* Debug */ = {
			isa = XCBuildConfiguration;
			buildSettings = {
				ALWAYS_SEARCH_USER_PATHS = NO;
				CLANG_ANALYZER_NONNULL = YES;
				CLANG_CXX_LANGUAGE_STANDARD = "gnu++0x";
				CLANG_CXX_LIBRARY = "libc++";
				CLANG_ENABLE_MODULES = YES;
				CLANG_ENABLE_OBJC_ARC = YES;
				CLANG_WARN_BOOL_CONVERSION = YES;
				CLANG_WARN_CONSTANT_CONVERSION = YES;
				CLANG_WARN_DIRECT_OBJC_ISA_USAGE = YES_ERROR;
				CLANG_WARN_DOCUMENTATION_COMMENTS = YES;
				CLANG_WARN_EMPTY_BODY = YES;
				CLANG_WARN_ENUM_CONVERSION = YES;
				CLANG_WARN_INFINITE_RECURSION = YES;
				CLANG_WARN_INT_CONVERSION = YES;
				CLANG_WARN_OBJC_ROOT_CLASS = YES_ERROR;
				CLANG_WARN_SUSPICIOUS_MOVE = YES;
				CLANG_WARN_UNREACHABLE_CODE = YES;
				CLANG_WARN__DUPLICATE_METHOD_MATCH = YES;
				"CODE_SIGN_IDENTITY[sdk=iphoneos*]" = "iPhone Developer";
				COPY_PHASE_STRIP = NO;
				DEBUG_INFORMATION_FORMAT = dwarf;
				ENABLE_STRICT_OBJC_MSGSEND = YES;
				ENABLE_TESTABILITY = YES;
				GCC_C_LANGUAGE_STANDARD = gnu99;
				GCC_DYNAMIC_NO_PIC = NO;
				GCC_NO_COMMON_BLOCKS = YES;
				GCC_OPTIMIZATION_LEVEL = 0;
				GCC_PREPROCESSOR_DEFINITIONS = (
					"DEBUG=1",
					"$(inherited)",
				);
				GCC_WARN_64_TO_32_BIT_CONVERSION = YES;
				GCC_WARN_ABOUT_RETURN_TYPE = YES_ERROR;
				GCC_WARN_UNDECLARED_SELECTOR = YES;
				GCC_WARN_UNINITIALIZED_AUTOS = YES_AGGRESSIVE;
				GCC_WARN_UNUSED_FUNCTION = YES;
				GCC_WARN_UNUSED_VARIABLE = YES;
				IPHONEOS_DEPLOYMENT_TARGET = 10.2;
				MTL_ENABLE_DEBUG_INFO = YES;
				ONLY_ACTIVE_ARCH = YES;
				SDKROOT = iphoneos;
				SWIFT_ACTIVE_COMPILATION_CONDITIONS = DEBUG;
				SWIFT_OPTIMIZATION_LEVEL = "-Onone";
				TARGETED_DEVICE_FAMILY = "1,2";
			};
			name = Debug;
		};
		16723FE51EAAAB8C00B6931D /* Release */ = {
			isa = XCBuildConfiguration;
			buildSettings = {
				ALWAYS_SEARCH_USER_PATHS = NO;
				CLANG_ANALYZER_NONNULL = YES;
				CLANG_CXX_LANGUAGE_STANDARD = "gnu++0x";
				CLANG_CXX_LIBRARY = "libc++";
				CLANG_ENABLE_MODULES = YES;
				CLANG_ENABLE_OBJC_ARC = YES;
				CLANG_WARN_BOOL_CONVERSION = YES;
				CLANG_WARN_CONSTANT_CONVERSION = YES;
				CLANG_WARN_DIRECT_OBJC_ISA_USAGE = YES_ERROR;
				CLANG_WARN_DOCUMENTATION_COMMENTS = YES;
				CLANG_WARN_EMPTY_BODY = YES;
				CLANG_WARN_ENUM_CONVERSION = YES;
				CLANG_WARN_INFINITE_RECURSION = YES;
				CLANG_WARN_INT_CONVERSION = YES;
				CLANG_WARN_OBJC_ROOT_CLASS = YES_ERROR;
				CLANG_WARN_SUSPICIOUS_MOVE = YES;
				CLANG_WARN_UNREACHABLE_CODE = YES;
				CLANG_WARN__DUPLICATE_METHOD_MATCH = YES;
				"CODE_SIGN_IDENTITY[sdk=iphoneos*]" = "iPhone Developer";
				COPY_PHASE_STRIP = NO;
				DEBUG_INFORMATION_FORMAT = "dwarf-with-dsym";
				ENABLE_NS_ASSERTIONS = NO;
				ENABLE_STRICT_OBJC_MSGSEND = YES;
				GCC_C_LANGUAGE_STANDARD = gnu99;
				GCC_NO_COMMON_BLOCKS = YES;
				GCC_WARN_64_TO_32_BIT_CONVERSION = YES;
				GCC_WARN_ABOUT_RETURN_TYPE = YES_ERROR;
				GCC_WARN_UNDECLARED_SELECTOR = YES;
				GCC_WARN_UNINITIALIZED_AUTOS = YES_AGGRESSIVE;
				GCC_WARN_UNUSED_FUNCTION = YES;
				GCC_WARN_UNUSED_VARIABLE = YES;
				IPHONEOS_DEPLOYMENT_TARGET = 10.2;
				MTL_ENABLE_DEBUG_INFO = NO;
				SDKROOT = iphoneos;
				SWIFT_OPTIMIZATION_LEVEL = "-Owholemodule";
				TARGETED_DEVICE_FAMILY = "1,2";
				VALIDATE_PRODUCT = YES;
			};
			name = Release;
		};
		16723FE71EAAAB8C00B6931D /* Debug */ = {
			isa = XCBuildConfiguration;
			buildSettings = {
				ASSETCATALOG_COMPILER_APPICON_NAME = AppIcon;
				DEVELOPMENT_TEAM = 6MS9QWALYV;
				INFOPLIST_FILE = "Kibbl-IOS/Info.plist";
				LD_RUNPATH_SEARCH_PATHS = "$(inherited) @executable_path/Frameworks";
				PRODUCT_BUNDLE_IDENTIFIER = "koala-tea.Kibbl-IOS";
				PRODUCT_NAME = "$(TARGET_NAME)";
				SWIFT_VERSION = 3.0;
			};
			name = Debug;
		};
		16723FE81EAAAB8C00B6931D /* Release */ = {
			isa = XCBuildConfiguration;
			buildSettings = {
				ASSETCATALOG_COMPILER_APPICON_NAME = AppIcon;
				DEVELOPMENT_TEAM = 6MS9QWALYV;
				INFOPLIST_FILE = "Kibbl-IOS/Info.plist";
				LD_RUNPATH_SEARCH_PATHS = "$(inherited) @executable_path/Frameworks";
				PRODUCT_BUNDLE_IDENTIFIER = "koala-tea.Kibbl-IOS";
				PRODUCT_NAME = "$(TARGET_NAME)";
				SWIFT_VERSION = 3.0;
			};
			name = Release;
		};
		16723FEA1EAAAB8C00B6931D /* Debug */ = {
			isa = XCBuildConfiguration;
			buildSettings = {
				ALWAYS_EMBED_SWIFT_STANDARD_LIBRARIES = YES;
				BUNDLE_LOADER = "$(TEST_HOST)";
				DEVELOPMENT_TEAM = 6MS9QWALYV;
				INFOPLIST_FILE = "Kibbl-IOSTests/Info.plist";
				LD_RUNPATH_SEARCH_PATHS = "$(inherited) @executable_path/Frameworks @loader_path/Frameworks";
				PRODUCT_BUNDLE_IDENTIFIER = "koala-tea.Kibbl-IOSTests";
				PRODUCT_NAME = "$(TARGET_NAME)";
				SWIFT_VERSION = 3.0;
				TEST_HOST = "$(BUILT_PRODUCTS_DIR)/Kibbl-IOS.app/Kibbl-IOS";
			};
			name = Debug;
		};
		16723FEB1EAAAB8C00B6931D /* Release */ = {
			isa = XCBuildConfiguration;
			buildSettings = {
				ALWAYS_EMBED_SWIFT_STANDARD_LIBRARIES = YES;
				BUNDLE_LOADER = "$(TEST_HOST)";
				DEVELOPMENT_TEAM = 6MS9QWALYV;
				INFOPLIST_FILE = "Kibbl-IOSTests/Info.plist";
				LD_RUNPATH_SEARCH_PATHS = "$(inherited) @executable_path/Frameworks @loader_path/Frameworks";
				PRODUCT_BUNDLE_IDENTIFIER = "koala-tea.Kibbl-IOSTests";
				PRODUCT_NAME = "$(TARGET_NAME)";
				SWIFT_VERSION = 3.0;
				TEST_HOST = "$(BUILT_PRODUCTS_DIR)/Kibbl-IOS.app/Kibbl-IOS";
			};
			name = Release;
		};
/* End XCBuildConfiguration section */

/* Begin XCConfigurationList section */
		16723FC41EAAAB8C00B6931D /* Build configuration list for PBXProject "Kibbl-IOS" */ = {
			isa = XCConfigurationList;
			buildConfigurations = (
				16723FE41EAAAB8C00B6931D /* Debug */,
				16723FE51EAAAB8C00B6931D /* Release */,
			);
			defaultConfigurationIsVisible = 0;
			defaultConfigurationName = Release;
		};
		16723FE61EAAAB8C00B6931D /* Build configuration list for PBXNativeTarget "Kibbl-IOS" */ = {
			isa = XCConfigurationList;
			buildConfigurations = (
				16723FE71EAAAB8C00B6931D /* Debug */,
				16723FE81EAAAB8C00B6931D /* Release */,
			);
			defaultConfigurationIsVisible = 0;
		};
		16723FE91EAAAB8C00B6931D /* Build configuration list for PBXNativeTarget "Kibbl-IOSTests" */ = {
			isa = XCConfigurationList;
			buildConfigurations = (
				16723FEA1EAAAB8C00B6931D /* Debug */,
				16723FEB1EAAAB8C00B6931D /* Release */,
			);
			defaultConfigurationIsVisible = 0;
		};
/* End XCConfigurationList section */
	};
	rootObject = 16723FC11EAAAB8C00B6931D /* Project object */;
}
